
Microsoft Visual Studio Solution File, Format Version 12.00
# Visual Studio Version 17
VisualStudioVersion = 17.8.34309.116
MinimumVisualStudioVersion = 10.0.40219.1
Project("{FAE04EC0-301F-11D3-BF4B-00C04F79EFBC}") = "Mini_project-API", "Mini_project-API.csproj", "{874464CC-8F8F-46F4-88C5-BD774083B183}"
EndProject
Global
	GlobalSection(SolutionConfigurationPlatforms) = preSolution
		Debug|Any CPU = Debug|Any CPU
		Release|Any CPU = Release|Any CPU
	EndGlobalSection
	GlobalSection(ProjectConfigurationPlatforms) = postSolution
		{874464CC-8F8F-46F4-88C5-BD774083B183}.Debug|Any CPU.ActiveCfg = Debug|Any CPU
		{874464CC-8F8F-46F4-88C5-BD774083B183}.Debug|Any CPU.Build.0 = Debug|Any CPU
		{874464CC-8F8F-46F4-88C5-BD774083B183}.Release|Any CPU.ActiveCfg = Release|Any CPU
		{874464CC-8F8F-46F4-88C5-BD774083B183}.Release|Any CPU.Build.0 = Release|Any CPU
	EndGlobalSection
	GlobalSection(SolutionProperties) = preSolution
		HideSolutionNode = FALSE
	EndGlobalSection
	GlobalSection(ExtensibilityGlobals) = postSolution
		SolutionGuid = {B61E6D50-DB59-4428-B65D-BB6D48FE9F07}
	EndGlobalSection
EndGlobal
